
Microsoft Visual Studio Solution File, Format Version 12.00
# Visual Studio Version 17
VisualStudioVersion = 17.1.32228.430
MinimumVisualStudioVersion = 10.0.40219.1
Project("{FAE04EC0-301F-11D3-BF4B-00C04F79EFBC}") = "CSharpExercise2", "CSharpExercise2\CSharpExercise2.csproj", "{25FFBFD7-AB97-4BF3-8891-3C3A259E9BDD}"
EndProject
Global
	GlobalSection(SolutionConfigurationPlatforms) = preSolution
		Debug|Any CPU = Debug|Any CPU
		Release|Any CPU = Release|Any CPU
	EndGlobalSection
	GlobalSection(ProjectConfigurationPlatforms) = postSolution
		{25FFBFD7-AB97-4BF3-8891-3C3A259E9BDD}.Debug|Any CPU.ActiveCfg = Debug|Any CPU
		{25FFBFD7-AB97-4BF3-8891-3C3A259E9BDD}.Debug|Any CPU.Build.0 = Debug|Any CPU
		{25FFBFD7-AB97-4BF3-8891-3C3A259E9BDD}.Release|Any CPU.ActiveCfg = Release|Any CPU
		{25FFBFD7-AB97-4BF3-8891-3C3A259E9BDD}.Release|Any CPU.Build.0 = Release|Any CPU
	EndGlobalSection
	GlobalSection(SolutionProperties) = preSolution
		HideSolutionNode = FALSE
	EndGlobalSection
	GlobalSection(ExtensibilityGlobals) = postSolution
		SolutionGuid = {5C0C36E7-4F55-446A-B78A-4F6D0488E4D0}
	EndGlobalSection
EndGlobal
